
Microsoft Visual Studio Solution File, Format Version 12.00
# Visual Studio 15
VisualStudioVersion = 15.0.27130.2010
MinimumVisualStudioVersion = 10.0.40219.1
Project("{2150E333-8FDC-42A3-9474-1A3956D46DE8}") = "Solution Items", "Solution Items", "{DE2672E7-A919-4E26-BEC3-AEBB50101990}"
	ProjectSection(SolutionItems) = preProject
		demo_rsa_signing_key.json = demo_rsa_signing_key.json
		Dockerfile = Dockerfile
		entrypoint.sh = entrypoint.sh
		README.md = README.md
	EndProjectSection
EndProject
Project("{9A19103F-16F7-4668-BE54-9A1E7A4F7556}") = "RsaKeyGenerator", "RsaKeyGenerator\RsaKeyGenerator.csproj", "{0328B564-30FD-4164-953B-B1C7688AE5C7}"
EndProject
Project("{9A19103F-16F7-4668-BE54-9A1E7A4F7556}") = "DemoResourceServer", "DemoResourceServer\DemoResourceServer.csproj", "{73093991-957B-456E-B6C9-58239BE1E0BE}"
EndProject
Project("{9A19103F-16F7-4668-BE54-9A1E7A4F7556}") = "Cierge", "Cierge\Cierge.csproj", "{4AF8B534-2FFE-4A9B-994D-B5B716BC50CB}"
EndProject
Project("{9A19103F-16F7-4668-BE54-9A1E7A4F7556}") = "DemoClient", "DemoClient\DemoClient.csproj", "{2A389388-EBD1-453A-9821-C3FF93DEF4F3}"
EndProject
Project("{9092AA53-FB77-4645-B42D-1CCCA6BD08BD}") = "CiergeJsClient", "CiergeJsClient\CiergeJsClient.njsproj", "{C097E106-D316-40A7-A785-C42A526A8CE3}"
EndProject
Global
	GlobalSection(SolutionConfigurationPlatforms) = preSolution
		Debug|Any CPU = Debug|Any CPU
		Release|Any CPU = Release|Any CPU
	EndGlobalSection
	GlobalSection(ProjectConfigurationPlatforms) = postSolution
		{0328B564-30FD-4164-953B-B1C7688AE5C7}.Debug|Any CPU.ActiveCfg = Debug|Any CPU
		{0328B564-30FD-4164-953B-B1C7688AE5C7}.Debug|Any CPU.Build.0 = Debug|Any CPU
		{0328B564-30FD-4164-953B-B1C7688AE5C7}.Release|Any CPU.ActiveCfg = Release|Any CPU
		{0328B564-30FD-4164-953B-B1C7688AE5C7}.Release|Any CPU.Build.0 = Release|Any CPU
		{73093991-957B-456E-B6C9-58239BE1E0BE}.Debug|Any CPU.ActiveCfg = Debug|Any CPU
		{73093991-957B-456E-B6C9-58239BE1E0BE}.Debug|Any CPU.Build.0 = Debug|Any CPU
		{73093991-957B-456E-B6C9-58239BE1E0BE}.Release|Any CPU.ActiveCfg = Release|Any CPU
		{73093991-957B-456E-B6C9-58239BE1E0BE}.Release|Any CPU.Build.0 = Release|Any CPU
		{4AF8B534-2FFE-4A9B-994D-B5B716BC50CB}.Debug|Any CPU.ActiveCfg = Debug|Any CPU
		{4AF8B534-2FFE-4A9B-994D-B5B716BC50CB}.Debug|Any CPU.Build.0 = Debug|Any CPU
		{4AF8B534-2FFE-4A9B-994D-B5B716BC50CB}.Release|Any CPU.ActiveCfg = Release|Any CPU
		{4AF8B534-2FFE-4A9B-994D-B5B716BC50CB}.Release|Any CPU.Build.0 = Release|Any CPU
		{2A389388-EBD1-453A-9821-C3FF93DEF4F3}.Debug|Any CPU.ActiveCfg = Debug|Any CPU
		{2A389388-EBD1-453A-9821-C3FF93DEF4F3}.Debug|Any CPU.Build.0 = Debug|Any CPU
		{2A389388-EBD1-453A-9821-C3FF93DEF4F3}.Release|Any CPU.ActiveCfg = Release|Any CPU
		{2A389388-EBD1-453A-9821-C3FF93DEF4F3}.Release|Any CPU.Build.0 = Release|Any CPU
		{C097E106-D316-40A7-A785-C42A526A8CE3}.Debug|Any CPU.ActiveCfg = Debug|Any CPU
		{C097E106-D316-40A7-A785-C42A526A8CE3}.Debug|Any CPU.Build.0 = Debug|Any CPU
		{C097E106-D316-40A7-A785-C42A526A8CE3}.Release|Any CPU.ActiveCfg = Release|Any CPU
		{C097E106-D316-40A7-A785-C42A526A8CE3}.Release|Any CPU.Build.0 = Release|Any CPU
	EndGlobalSection
	GlobalSection(SolutionProperties) = preSolution
		HideSolutionNode = FALSE
	EndGlobalSection
	GlobalSection(ExtensibilityGlobals) = postSolution
		SolutionGuid = {41D44575-F587-48DA-B53B-A9905DC8D89A}
	EndGlobalSection
EndGlobal
